// !$*UTF8*$!
{
	archiveVersion = 1;
	classes = {
	};
	objectVersion = 56;
	objects = {

/* Begin PBXBuildFile section */
		100000000000000000000101 /* StatusBarIPApp.swift in Sources */ = {isa = PBXBuildFile; fileRef = 100000000000000000000201 /* StatusBarIPApp.swift */; };
		100000000000000000000102 /* AppDelegate.swift in Sources */ = {isa = PBXBuildFile; fileRef = 100000000000000000000202 /* AppDelegate.swift */; };
		100000000000000000000103 /* Models/IPModels.swift in Sources */ = {isa = PBXBuildFile; fileRef = 100000000000000000000203 /* Models/IPModels.swift */; };
		100000000000000000000104 /* Services/PublicIPService.swift in Sources */ = {isa = PBXBuildFile; fileRef = 100000000000000000000204 /* Services/PublicIPService.swift */; };
		100000000000000000000105 /* Services/LocalIPService.swift in Sources */ = {isa = PBXBuildFile; fileRef = 100000000000000000000205 /* Services/LocalIPService.swift */; };
		100000000000000000000106 /* Services/AppSettings.swift in Sources */ = {isa = PBXBuildFile; fileRef = 100000000000000000000206 /* Services/AppSettings.swift */; };
		100000000000000000000107 /* Services/IPStore.swift in Sources */ = {isa = PBXBuildFile; fileRef = 100000000000000000000207 /* Services/IPStore.swift */; };
		100000000000000000000108 /* Views/PopoverView.swift in Sources */ = {isa = PBXBuildFile; fileRef = 100000000000000000000208 /* Views/PopoverView.swift */; };
		100000000000000000000109 /* Views/SettingsView.swift in Sources */ = {isa = PBXBuildFile; fileRef = 100000000000000000000209 /* Views/SettingsView.swift */; };
		100000000000000000000110 /* StatusBarIPTests.swift in Sources */ = {isa = PBXBuildFile; fileRef = 100000000000000000000210 /* StatusBarIPTests.swift */; };
		100000000000000000000111 /* Assets.xcassets in Resources */ = {isa = PBXBuildFile; fileRef = 100000000000000000000212 /* Assets.xcassets */; };
/* End PBXBuildFile section */

/* Begin PBXContainerItemProxy section */
		100000000000000000000301 /* PBXContainerItemProxy */ = {
			isa = PBXContainerItemProxy;
			containerPortal = 100000000000000000000001 /* Project object */;
			proxyType = 1;
			remoteGlobalIDString = 100000000000000000000401;
			remoteInfo = StatusBarIP;
		};
/* End PBXContainerItemProxy section */

/* Begin PBXFileReference section */
		100000000000000000000201 /* StatusBarIPApp.swift */ = {isa = PBXFileReference; lastKnownFileType = sourcecode.swift; path = StatusBarIPApp.swift; sourceTree = "<group>"; };
		100000000000000000000202 /* AppDelegate.swift */ = {isa = PBXFileReference; lastKnownFileType = sourcecode.swift; path = AppDelegate.swift; sourceTree = "<group>"; };
		100000000000000000000203 /* Models/IPModels.swift */ = {isa = PBXFileReference; lastKnownFileType = sourcecode.swift; path = Models/IPModels.swift; sourceTree = "<group>"; };
		100000000000000000000204 /* Services/PublicIPService.swift */ = {isa = PBXFileReference; lastKnownFileType = sourcecode.swift; path = Services/PublicIPService.swift; sourceTree = "<group>"; };
		100000000000000000000205 /* Services/LocalIPService.swift */ = {isa = PBXFileReference; lastKnownFileType = sourcecode.swift; path = Services/LocalIPService.swift; sourceTree = "<group>"; };
		100000000000000000000206 /* Services/AppSettings.swift */ = {isa = PBXFileReference; lastKnownFileType = sourcecode.swift; path = Services/AppSettings.swift; sourceTree = "<group>"; };
		100000000000000000000207 /* Services/IPStore.swift */ = {isa = PBXFileReference; lastKnownFileType = sourcecode.swift; path = Services/IPStore.swift; sourceTree = "<group>"; };
		100000000000000000000208 /* Views/PopoverView.swift */ = {isa = PBXFileReference; lastKnownFileType = sourcecode.swift; path = Views/PopoverView.swift; sourceTree = "<group>"; };
		100000000000000000000209 /* Views/SettingsView.swift */ = {isa = PBXFileReference; lastKnownFileType = sourcecode.swift; path = Views/SettingsView.swift; sourceTree = "<group>"; };
		100000000000000000000210 /* StatusBarIPTests.swift */ = {isa = PBXFileReference; lastKnownFileType = sourcecode.swift; path = StatusBarIPTests.swift; sourceTree = "<group>"; };
		100000000000000000000211 /* Info.plist */ = {isa = PBXFileReference; lastKnownFileType = text.plist.xml; path = Info.plist; sourceTree = "<group>"; };
		100000000000000000000212 /* Assets.xcassets */ = {isa = PBXFileReference; lastKnownFileType = folder.assetcatalog; path = Assets.xcassets; sourceTree = "<group>"; };
		100000000000000000000213 /* StatusBarIP.entitlements */ = {isa = PBXFileReference; lastKnownFileType = text.plist.entitlements; path = StatusBarIP.entitlements; sourceTree = "<group>"; };
		100000000000000000000501 /* Status Bar IP.app */ = {isa = PBXFileReference; explicitFileType = wrapper.application; includeInIndex = 0; path = "Status Bar IP.app"; sourceTree = BUILT_PRODUCTS_DIR; };
		100000000000000000000502 /* StatusBarIPTests.xctest */ = {isa = PBXFileReference; explicitFileType = wrapper.cfbundle; includeInIndex = 0; path = StatusBarIPTests.xctest; sourceTree = BUILT_PRODUCTS_DIR; };
/* End PBXFileReference section */

/* Begin PBXFrameworksBuildPhase section */
		100000000000000000000601 /* Frameworks */ = {
			isa = PBXFrameworksBuildPhase;
			buildActionMask = 2147483647;
			files = (
			);
			runOnlyForDeploymentPostprocessing = 0;
		};
		100000000000000000000602 /* Frameworks */ = {
			isa = PBXFrameworksBuildPhase;
			buildActionMask = 2147483647;
			files = (
			);
			runOnlyForDeploymentPostprocessing = 0;
		};
/* End PBXFrameworksBuildPhase section */

/* Begin PBXGroup section */
		100000000000000000000701 = {
			isa = PBXGroup;
			children = (
				100000000000000000000702 /* StatusBarIP */,
				100000000000000000000703 /* StatusBarIPTests */,
				100000000000000000000704 /* Products */,
			);
			sourceTree = "<group>";
		};
		100000000000000000000702 /* StatusBarIP */ = {
			isa = PBXGroup;
			children = (
				100000000000000000000201 /* StatusBarIPApp.swift */,
				100000000000000000000202 /* AppDelegate.swift */,
				100000000000000000000203 /* Models/IPModels.swift */,
				100000000000000000000204 /* Services/PublicIPService.swift */,
				100000000000000000000205 /* Services/LocalIPService.swift */,
				100000000000000000000206 /* Services/AppSettings.swift */,
				100000000000000000000207 /* Services/IPStore.swift */,
				100000000000000000000208 /* Views/PopoverView.swift */,
				100000000000000000000209 /* Views/SettingsView.swift */,
				100000000000000000000211 /* Info.plist */,
				100000000000000000000213 /* StatusBarIP.entitlements */,
				100000000000000000000212 /* Assets.xcassets */,
			);
			path = StatusBarIP;
			sourceTree = "<group>";
		};
		100000000000000000000703 /* StatusBarIPTests */ = {
			isa = PBXGroup;
			children = (
				100000000000000000000210 /* StatusBarIPTests.swift */,
			);
			path = StatusBarIPTests;
			sourceTree = "<group>";
		};
		100000000000000000000704 /* Products */ = {
			isa = PBXGroup;
			children = (
				100000000000000000000501 /* Status Bar IP.app */,
				100000000000000000000502 /* StatusBarIPTests.xctest */,
			);
			name = Products;
			sourceTree = "<group>";
		};
/* End PBXGroup section */

/* Begin PBXNativeTarget section */
		100000000000000000000401 /* StatusBarIP */ = {
			isa = PBXNativeTarget;
			buildConfigurationList = 100000000000000000000801 /* Build configuration list for PBXNativeTarget "StatusBarIP" */;
			buildPhases = (
				100000000000000000000901 /* Sources */,
				100000000000000000000601 /* Frameworks */,
				100000000000000000000902 /* Resources */,
			);
			buildRules = (
			);
			dependencies = (
			);
			name = StatusBarIP;
			productName = StatusBarIP;
			productReference = 100000000000000000000501 /* Status Bar IP.app */;
			productType = "com.apple.product-type.application";
		};
		100000000000000000000402 /* StatusBarIPTests */ = {
			isa = PBXNativeTarget;
			buildConfigurationList = 100000000000000000000802 /* Build configuration list for PBXNativeTarget "StatusBarIPTests" */;
			buildPhases = (
				100000000000000000000903 /* Sources */,
				100000000000000000000602 /* Frameworks */,
				100000000000000000000904 /* Resources */,
			);
			buildRules = (
			);
			dependencies = (
				100000000000000000000302 /* PBXTargetDependency */,
			);
			name = StatusBarIPTests;
			productName = StatusBarIPTests;
			productReference = 100000000000000000000502 /* StatusBarIPTests.xctest */;
			productType = "com.apple.product-type.bundle.unit-test";
		};
/* End PBXNativeTarget section */

/* Begin PBXProject section */
		100000000000000000000001 /* Project object */ = {
			isa = PBXProject;
			attributes = {
				BuildIndependentTargetsInParallel = 1;
				LastSwiftUpdateCheck = 2620;
				LastUpgradeCheck = 2620;
				TargetAttributes = {
					100000000000000000000401 = {
						CreatedOnToolsVersion = 26.2;
						SystemCapabilities = {
							com.apple.Sandbox = {
								enabled = 1;
							};
						};
					};
					100000000000000000000402 = {
						CreatedOnToolsVersion = 26.2;
						TestTargetID = 100000000000000000000401;
					};
				};
			};
			buildConfigurationList = 100000000000000000000800 /* Build configuration list for PBXProject "StatusBarIP" */;
			compatibilityVersion = "Xcode 14.0";
			developmentRegion = en;
			hasScannedForEncodings = 0;
			knownRegions = (
				en,
				Base,
			);
			mainGroup = 100000000000000000000701;
			productRefGroup = 100000000000000000000704 /* Products */;
			projectDirPath = "";
			projectRoot = "";
			targets = (
				100000000000000000000401 /* StatusBarIP */,
				100000000000000000000402 /* StatusBarIPTests */,
			);
		};
/* End PBXProject section */

/* Begin PBXResourcesBuildPhase section */
		100000000000000000000902 /* Resources */ = {
			isa = PBXResourcesBuildPhase;
			buildActionMask = 2147483647;
			files = (
				100000000000000000000111 /* Assets.xcassets in Resources */,
			);
			runOnlyForDeploymentPostprocessing = 0;
		};
		100000000000000000000904 /* Resources */ = {
			isa = PBXResourcesBuildPhase;
			buildActionMask = 2147483647;
			files = (
			);
			runOnlyForDeploymentPostprocessing = 0;
		};
/* End PBXResourcesBuildPhase section */

/* Begin PBXSourcesBuildPhase section */
		100000000000000000000901 /* Sources */ = {
			isa = PBXSourcesBuildPhase;
			buildActionMask = 2147483647;
			files = (
				100000000000000000000101 /* StatusBarIPApp.swift in Sources */,
				100000000000000000000102 /* AppDelegate.swift in Sources */,
				100000000000000000000103 /* Models/IPModels.swift in Sources */,
				100000000000000000000104 /* Services/PublicIPService.swift in Sources */,
				100000000000000000000105 /* Services/LocalIPService.swift in Sources */,
				100000000000000000000106 /* Services/AppSettings.swift in Sources */,
				100000000000000000000107 /* Services/IPStore.swift in Sources */,
				100000000000000000000108 /* Views/PopoverView.swift in Sources */,
				100000000000000000000109 /* Views/SettingsView.swift in Sources */,
			);
			runOnlyForDeploymentPostprocessing = 0;
		};
		100000000000000000000903 /* Sources */ = {
			isa = PBXSourcesBuildPhase;
			buildActionMask = 2147483647;
			files = (
				100000000000000000000110 /* StatusBarIPTests.swift in Sources */,
			);
			runOnlyForDeploymentPostprocessing = 0;
		};
/* End PBXSourcesBuildPhase section */

/* Begin PBXTargetDependency section */
		100000000000000000000302 /* PBXTargetDependency */ = {
			isa = PBXTargetDependency;
			target = 100000000000000000000401 /* StatusBarIP */;
			targetProxy = 100000000000000000000301 /* PBXContainerItemProxy */;
		};
/* End PBXTargetDependency section */

/* Begin XCBuildConfiguration section */
		100000000000000000000811 /* Debug */ = {
			isa = XCBuildConfiguration;
			buildSettings = {
				ALWAYS_SEARCH_USER_PATHS = NO;
				CLANG_ANALYZER_NONNULL = YES;
				CLANG_ANALYZER_NUMBER_OBJECT_CONVERSION = YES_AGGRESSIVE;
				CLANG_CXX_LANGUAGE_STANDARD = "gnu++20";
				CLANG_ENABLE_MODULES = YES;
				CLANG_ENABLE_OBJC_ARC = YES;
				CLANG_ENABLE_OBJC_WEAK = YES;
				CLANG_WARN_BLOCK_CAPTURE_AUTORELEASING = YES;
				CLANG_WARN_BOOL_CONVERSION = YES;
				CLANG_WARN_COMMA = YES;
				CLANG_WARN_CONSTANT_CONVERSION = YES;
				CLANG_WARN_DEPRECATED_OBJC_IMPLEMENTATIONS = YES;
				CLANG_WARN_DIRECT_OBJC_ISA_USAGE = YES_ERROR;
				CLANG_WARN_DOCUMENTATION_COMMENTS = YES;
				CLANG_WARN_EMPTY_BODY = YES;
				CLANG_WARN_ENUM_CONVERSION = YES;
				CLANG_WARN_INFINITE_RECURSION = YES;
				CLANG_WARN_INT_CONVERSION = YES;
				CLANG_WARN_NON_LITERAL_NULL_CONVERSION = YES;
				CLANG_WARN_OBJC_IMPLICIT_RETAIN_SELF = YES;
				CLANG_WARN_OBJC_LITERAL_CONVERSION = YES;
				CLANG_WARN_OBJC_ROOT_CLASS = YES_ERROR;
				CLANG_WARN_QUOTED_INCLUDE_IN_FRAMEWORK_HEADER = YES;
				CLANG_WARN_RANGE_LOOP_ANALYSIS = YES;
				CLANG_WARN_STRICT_PROTOTYPES = YES;
				CLANG_WARN_SUSPICIOUS_MOVE = YES;
				CLANG_WARN_UNGUARDED_AVAILABILITY = YES_AGGRESSIVE;
				COPY_PHASE_STRIP = NO;
				DEBUG_INFORMATION_FORMAT = dwarf;
				ENABLE_STRICT_OBJC_MSGSEND = YES;
				ENABLE_TESTABILITY = YES;
				ENABLE_USER_SCRIPT_SANDBOXING = YES;
				GCC_C_LANGUAGE_STANDARD = gnu17;
				GCC_DYNAMIC_NO_PIC = NO;
				GCC_NO_COMMON_BLOCKS = YES;
				GCC_OPTIMIZATION_LEVEL = 0;
				GCC_PREPROCESSOR_DEFINITIONS = (
					"DEBUG=1",
					"$(inherited)",
				);
				GCC_WARN_64_TO_32_BIT_CONVERSION = YES;
				GCC_WARN_ABOUT_RETURN_TYPE = YES_ERROR;
				GCC_WARN_UNDECLARED_SELECTOR = YES;
				GCC_WARN_UNINITIALIZED_AUTOS = YES_AGGRESSIVE;
				GCC_WARN_UNUSED_FUNCTION = YES;
				GCC_WARN_UNUSED_VARIABLE = YES;
				MACOSX_DEPLOYMENT_TARGET = 14.0;
				MTL_ENABLE_DEBUG_INFO = INCLUDE_SOURCE;
				MTL_FAST_MATH = YES;
				ONLY_ACTIVE_ARCH = YES;
				SDKROOT = macosx;
				SWIFT_ACTIVE_COMPILATION_CONDITIONS = DEBUG;
				SWIFT_OPTIMIZATION_LEVEL = "-Onone";
			};
			name = Debug;
		};
		100000000000000000000812 /* Release */ = {
			isa = XCBuildConfiguration;
			buildSettings = {
				ALWAYS_SEARCH_USER_PATHS = NO;
				CLANG_ANALYZER_NONNULL = YES;
				CLANG_ANALYZER_NUMBER_OBJECT_CONVERSION = YES_AGGRESSIVE;
				CLANG_CXX_LANGUAGE_STANDARD = "gnu++20";
				CLANG_ENABLE_MODULES = YES;
				CLANG_ENABLE_OBJC_ARC = YES;
				CLANG_ENABLE_OBJC_WEAK = YES;
				CLANG_WARN_BLOCK_CAPTURE_AUTORELEASING = YES;
				CLANG_WARN_BOOL_CONVERSION = YES;
				CLANG_WARN_COMMA = YES;
				CLANG_WARN_CONSTANT_CONVERSION = YES;
				CLANG_WARN_DEPRECATED_OBJC_IMPLEMENTATIONS = YES;
				CLANG_WARN_DIRECT_OBJC_ISA_USAGE = YES_ERROR;
				CLANG_WARN_DOCUMENTATION_COMMENTS = YES;
				CLANG_WARN_EMPTY_BODY = YES;
				CLANG_WARN_ENUM_CONVERSION = YES;
				CLANG_WARN_INFINITE_RECURSION = YES;
				CLANG_WARN_INT_CONVERSION = YES;
				CLANG_WARN_NON_LITERAL_NULL_CONVERSION = YES;
				CLANG_WARN_OBJC_IMPLICIT_RETAIN_SELF = YES;
				CLANG_WARN_OBJC_LITERAL_CONVERSION = YES;
				CLANG_WARN_OBJC_ROOT_CLASS = YES_ERROR;
				CLANG_WARN_QUOTED_INCLUDE_IN_FRAMEWORK_HEADER = YES;
				CLANG_WARN_RANGE_LOOP_ANALYSIS = YES;
				CLANG_WARN_STRICT_PROTOTYPES = YES;
				CLANG_WARN_SUSPICIOUS_MOVE = YES;
				CLANG_WARN_UNGUARDED_AVAILABILITY = YES_AGGRESSIVE;
				COPY_PHASE_STRIP = NO;
				DEBUG_INFORMATION_FORMAT = "dwarf-with-dsym";
				ENABLE_NS_ASSERTIONS = NO;
				ENABLE_STRICT_OBJC_MSGSEND = YES;
				ENABLE_USER_SCRIPT_SANDBOXING = YES;
				GCC_C_LANGUAGE_STANDARD = gnu17;
				GCC_NO_COMMON_BLOCKS = YES;
				GCC_WARN_64_TO_32_BIT_CONVERSION = YES;
				GCC_WARN_ABOUT_RETURN_TYPE = YES_ERROR;
				GCC_WARN_UNDECLARED_SELECTOR = YES;
				GCC_WARN_UNINITIALIZED_AUTOS = YES_AGGRESSIVE;
				GCC_WARN_UNUSED_FUNCTION = YES;
				GCC_WARN_UNUSED_VARIABLE = YES;
				MACOSX_DEPLOYMENT_TARGET = 14.0;
				MTL_ENABLE_DEBUG_INFO = NO;
				MTL_FAST_MATH = YES;
				SDKROOT = macosx;
				SWIFT_COMPILATION_MODE = wholemodule;
				SWIFT_OPTIMIZATION_LEVEL = "-O";
			};
			name = Release;
		};
		100000000000000000000821 /* Debug */ = {
			isa = XCBuildConfiguration;
			buildSettings = {
				ASSETCATALOG_COMPILER_APPICON_NAME = AppIcon;
				CODE_SIGN_ENTITLEMENTS = StatusBarIP/StatusBarIP.entitlements;
				CODE_SIGN_STYLE = Automatic;
				COMBINE_HIDPI_IMAGES = YES;
				CURRENT_PROJECT_VERSION = 11;
				DEVELOPMENT_ASSET_PATHS = "";
				DEVELOPMENT_TEAM = 4Y76Q8W243;
				ENABLE_PREVIEWS = YES;
				GENERATE_INFOPLIST_FILE = NO;
				INFOPLIST_FILE = StatusBarIP/Info.plist;
				INFOPLIST_KEY_CFBundleDisplayName = "Status Bar IP";
				INFOPLIST_KEY_LSApplicationCategoryType = "public.app-category.utilities";
				LD_RUNPATH_SEARCH_PATHS = (
					"$(inherited)",
					"@executable_path/../Frameworks",
				);
				MACOSX_DEPLOYMENT_TARGET = 14.0;
				MARKETING_VERSION = 1.1;
				PRODUCT_BUNDLE_IDENTIFIER = net.hadesker.statusbarip;
				PRODUCT_MODULE_NAME = StatusBarIP;
				PRODUCT_NAME = "Status Bar IP";
				SWIFT_EMIT_LOC_STRINGS = YES;
				SWIFT_VERSION = 6.0;
			};
			name = Debug;
		};
		100000000000000000000822 /* Release */ = {
			isa = XCBuildConfiguration;
			buildSettings = {
				ASSETCATALOG_COMPILER_APPICON_NAME = AppIcon;
				CODE_SIGN_ENTITLEMENTS = StatusBarIP/StatusBarIP.entitlements;
				CODE_SIGN_STYLE = Automatic;
				COMBINE_HIDPI_IMAGES = YES;
				CURRENT_PROJECT_VERSION = 11;
				DEVELOPMENT_ASSET_PATHS = "";
				DEVELOPMENT_TEAM = 4Y76Q8W243;
				ENABLE_PREVIEWS = YES;
				GENERATE_INFOPLIST_FILE = NO;
				INFOPLIST_FILE = StatusBarIP/Info.plist;
				INFOPLIST_KEY_CFBundleDisplayName = "Status Bar IP";
				INFOPLIST_KEY_LSApplicationCategoryType = "public.app-category.utilities";
				LD_RUNPATH_SEARCH_PATHS = (
					"$(inherited)",
					"@executable_path/../Frameworks",
				);
				MACOSX_DEPLOYMENT_TARGET = 14.0;
				MARKETING_VERSION = 1.1;
				PRODUCT_BUNDLE_IDENTIFIER = net.hadesker.statusbarip;
				PRODUCT_MODULE_NAME = StatusBarIP;
				PRODUCT_NAME = "Status Bar IP";
				SWIFT_EMIT_LOC_STRINGS = YES;
				SWIFT_VERSION = 6.0;
			};
			name = Release;
		};
		100000000000000000000831 /* Debug */ = {
			isa = XCBuildConfiguration;
			buildSettings = {
				BUNDLE_LOADER = "$(TEST_HOST)";
				CODE_SIGNING_ALLOWED = NO;
				GENERATE_INFOPLIST_FILE = YES;
				LD_RUNPATH_SEARCH_PATHS = (
					"$(inherited)",
					"@executable_path/../Frameworks",
					"@loader_path/../Frameworks",
				);
				MACOSX_DEPLOYMENT_TARGET = 14.0;
				PRODUCT_BUNDLE_IDENTIFIER = net.hadesker.statusbarip.tests;
				PRODUCT_NAME = "$(TARGET_NAME)";
				SWIFT_VERSION = 6.0;
				TEST_HOST = "$(BUILT_PRODUCTS_DIR)/Status Bar IP.app/Contents/MacOS/Status Bar IP";
			};
			name = Debug;
		};
		100000000000000000000832 /* Release */ = {
			isa = XCBuildConfiguration;
			buildSettings = {
				BUNDLE_LOADER = "$(TEST_HOST)";
				CODE_SIGNING_ALLOWED = NO;
				GENERATE_INFOPLIST_FILE = YES;
				LD_RUNPATH_SEARCH_PATHS = (
					"$(inherited)",
					"@executable_path/../Frameworks",
					"@loader_path/../Frameworks",
				);
				MACOSX_DEPLOYMENT_TARGET = 14.0;
				PRODUCT_BUNDLE_IDENTIFIER = net.hadesker.statusbarip.tests;
				PRODUCT_NAME = "$(TARGET_NAME)";
				SWIFT_VERSION = 6.0;
				TEST_HOST = "$(BUILT_PRODUCTS_DIR)/Status Bar IP.app/Contents/MacOS/Status Bar IP";
			};
			name = Release;
		};
/* End XCBuildConfiguration section */

/* Begin XCConfigurationList section */
		100000000000000000000800 /* Build configuration list for PBXProject "StatusBarIP" */ = {
			isa = XCConfigurationList;
			buildConfigurations = (
				100000000000000000000811 /* Debug */,
				100000000000000000000812 /* Release */,
			);
			defaultConfigurationIsVisible = 0;
			defaultConfigurationName = Release;
		};
		100000000000000000000801 /* Build configuration list for PBXNativeTarget "StatusBarIP" */ = {
			isa = XCConfigurationList;
			buildConfigurations = (
				100000000000000000000821 /* Debug */,
				100000000000000000000822 /* Release */,
			);
			defaultConfigurationIsVisible = 0;
			defaultConfigurationName = Release;
		};
		100000000000000000000802 /* Build configuration list for PBXNativeTarget "StatusBarIPTests" */ = {
			isa = XCConfigurationList;
			buildConfigurations = (
				100000000000000000000831 /* Debug */,
				100000000000000000000832 /* Release */,
			);
			defaultConfigurationIsVisible = 0;
			defaultConfigurationName = Release;
		};
/* End XCConfigurationList section */
	};
	rootObject = 100000000000000000000001 /* Project object */;
}
